// !$*UTF8*$!
{
	archiveVersion = 1;
	classes = {
	};
	objectVersion = 56;
	objects = {

/* Begin PBXBuildFile section */
		3F00715E2C0768BB00FEEE4B /* WeatherDetailsViewModelTests.swift in Sources */ = {isa = PBXBuildFile; fileRef = 3F00715D2C0768BB00FEEE4B /* WeatherDetailsViewModelTests.swift */; };
		3F0071602C076A4B00FEEE4B /* MockLocationProvider.swift in Sources */ = {isa = PBXBuildFile; fileRef = 3F00715F2C076A4B00FEEE4B /* MockLocationProvider.swift */; };
		3F0071622C076A5B00FEEE4B /* MockWeatherRepository.swift in Sources */ = {isa = PBXBuildFile; fileRef = 3F0071612C076A5B00FEEE4B /* MockWeatherRepository.swift */; };
		3F30163B2C05DEAB0013C232 /* WeatherApp.swift in Sources */ = {isa = PBXBuildFile; fileRef = 3F30163A2C05DEAB0013C232 /* WeatherApp.swift */; };
		3F30163D2C05DEAB0013C232 /* MainView.swift in Sources */ = {isa = PBXBuildFile; fileRef = 3F30163C2C05DEAB0013C232 /* MainView.swift */; };
		3F30163F2C05DEAC0013C232 /* Assets.xcassets in Resources */ = {isa = PBXBuildFile; fileRef = 3F30163E2C05DEAC0013C232 /* Assets.xcassets */; };
		3F3016422C05DEAC0013C232 /* Preview Assets.xcassets in Resources */ = {isa = PBXBuildFile; fileRef = 3F3016412C05DEAC0013C232 /* Preview Assets.xcassets */; };
		3F30164C2C05DEAC0013C232 /* WeatherResponseTests.swift in Sources */ = {isa = PBXBuildFile; fileRef = 3F30164B2C05DEAC0013C232 /* WeatherResponseTests.swift */; };
		3F3016562C05DEAC0013C232 /* WeatherUITests.swift in Sources */ = {isa = PBXBuildFile; fileRef = 3F3016552C05DEAC0013C232 /* WeatherUITests.swift */; };
		3F3016582C05DEAC0013C232 /* WeatherUITestsLaunchTests.swift in Sources */ = {isa = PBXBuildFile; fileRef = 3F3016572C05DEAC0013C232 /* WeatherUITestsLaunchTests.swift */; };
		3F3BD7D72C06641E00FB1D5C /* openweather_geo_coding_api_sample_response.json in Resources */ = {isa = PBXBuildFile; fileRef = 3F3BD7D62C06641E00FB1D5C /* openweather_geo_coding_api_sample_response.json */; };
		3F3BD7D92C0664E200FB1D5C /* LocationReponseTests.swift in Sources */ = {isa = PBXBuildFile; fileRef = 3F3BD7D82C0664E200FB1D5C /* LocationReponseTests.swift */; };
		3F3BD7DB2C0665CE00FB1D5C /* LocationResponse.swift in Sources */ = {isa = PBXBuildFile; fileRef = 3F3BD7DA2C0665CE00FB1D5C /* LocationResponse.swift */; };
		3F6C89802C07719800BEFCC4 /* MockLocationMonitor.swift in Sources */ = {isa = PBXBuildFile; fileRef = 3F6C897F2C07719800BEFCC4 /* MockLocationMonitor.swift */; };
		3F6D32302C07563900963B84 /* MonitorSignificantLocationChangeUseCase.swift in Sources */ = {isa = PBXBuildFile; fileRef = 3F6D322F2C07563900963B84 /* MonitorSignificantLocationChangeUseCase.swift */; };
		3F6D32322C075FF100963B84 /* PreviewLocationMonitor.swift in Sources */ = {isa = PBXBuildFile; fileRef = 3F6D32312C075FF100963B84 /* PreviewLocationMonitor.swift */; };
		3F794CB82C0788CE0073CB95 /* FetchWeatherUseCaseTests.swift in Sources */ = {isa = PBXBuildFile; fileRef = 3F794CB72C0788CE0073CB95 /* FetchWeatherUseCaseTests.swift */; };
		3F794CBA2C078AF90073CB95 /* MonitorSignificantLocationChangeUseCaseTests.swift in Sources */ = {isa = PBXBuildFile; fileRef = 3F794CB92C078AF90073CB95 /* MonitorSignificantLocationChangeUseCaseTests.swift */; };
		3F8AFAA42C079E8700DED0B3 /* SearchLocationUseCaseTests.swift in Sources */ = {isa = PBXBuildFile; fileRef = 3F8AFAA32C079E8700DED0B3 /* SearchLocationUseCaseTests.swift */; };
		3F8DA5B02C07852C00671676 /* FetchWeatherAtCurrentLocationUseCaseTests.swift in Sources */ = {isa = PBXBuildFile; fileRef = 3F8DA5AF2C07852C00671676 /* FetchWeatherAtCurrentLocationUseCaseTests.swift */; };
		3F9B00002C05E382003B8FD4 /* WeatherDetailsView.swift in Sources */ = {isa = PBXBuildFile; fileRef = 3F9BFFFF2C05E382003B8FD4 /* WeatherDetailsView.swift */; };
		3F9B00022C05E3F5003B8FD4 /* SearchLocationView.swift in Sources */ = {isa = PBXBuildFile; fileRef = 3F9B00012C05E3F5003B8FD4 /* SearchLocationView.swift */; };
		3F9B00042C05E9E2003B8FD4 /* WeatherDetailsViewModel.swift in Sources */ = {isa = PBXBuildFile; fileRef = 3F9B00032C05E9E2003B8FD4 /* WeatherDetailsViewModel.swift */; };
		3F9B00062C05EF24003B8FD4 /* Weather.swift in Sources */ = {isa = PBXBuildFile; fileRef = 3F9B00052C05EF24003B8FD4 /* Weather.swift */; };
		3F9B00082C05EF7E003B8FD4 /* GeoCoordinates.swift in Sources */ = {isa = PBXBuildFile; fileRef = 3F9B00072C05EF7E003B8FD4 /* GeoCoordinates.swift */; };
		3F9B000A2C05F0B6003B8FD4 /* FetchWeatherAtCurrentLocationUseCase.swift in Sources */ = {isa = PBXBuildFile; fileRef = 3F9B00092C05F0B6003B8FD4 /* FetchWeatherAtCurrentLocationUseCase.swift */; };
		3F9B000C2C05F2AE003B8FD4 /* PreviewLocationProvider.swift in Sources */ = {isa = PBXBuildFile; fileRef = 3F9B000B2C05F2AE003B8FD4 /* PreviewLocationProvider.swift */; };
		3F9B000E2C05F2BD003B8FD4 /* PreviewWeatherRepository.swift in Sources */ = {isa = PBXBuildFile; fileRef = 3F9B000D2C05F2BD003B8FD4 /* PreviewWeatherRepository.swift */; };
		3F9B00102C060AAC003B8FD4 /* WeatherDetailsViewUseCaseFactory.swift in Sources */ = {isa = PBXBuildFile; fileRef = 3F9B000F2C060AAC003B8FD4 /* WeatherDetailsViewUseCaseFactory.swift */; };
		3F9B00122C060B1A003B8FD4 /* OpenWeatherAPI.swift in Sources */ = {isa = PBXBuildFile; fileRef = 3F9B00112C060B1A003B8FD4 /* OpenWeatherAPI.swift */; };
		3F9B00142C060B54003B8FD4 /* CoreLocationManager.swift in Sources */ = {isa = PBXBuildFile; fileRef = 3F9B00132C060B54003B8FD4 /* CoreLocationManager.swift */; };
		3F9B00172C061670003B8FD4 /* NumberFormatter.swift in Sources */ = {isa = PBXBuildFile; fileRef = 3F9B00162C061670003B8FD4 /* NumberFormatter.swift */; };
		3F9B001A2C062689003B8FD4 /* AsyncLocationKit in Frameworks */ = {isa = PBXBuildFile; productRef = 3F9B00192C062689003B8FD4 /* AsyncLocationKit */; };
		3F9B001D2C063ACB003B8FD4 /* openweather_current_weather_api_sample_response.json in Resources */ = {isa = PBXBuildFile; fileRef = 3F9B001C2C063ACB003B8FD4 /* openweather_current_weather_api_sample_response.json */; };
		3F9B001F2C063CA9003B8FD4 /* WeatherResponse.swift in Sources */ = {isa = PBXBuildFile; fileRef = 3F9B001E2C063CA9003B8FD4 /* WeatherResponse.swift */; };
		3F9B00212C064A8D003B8FD4 /* SearchLocationViewModel.swift in Sources */ = {isa = PBXBuildFile; fileRef = 3F9B00202C064A8D003B8FD4 /* SearchLocationViewModel.swift */; };
		3F9B00232C064AF0003B8FD4 /* SearchedLocation.swift in Sources */ = {isa = PBXBuildFile; fileRef = 3F9B00222C064AF0003B8FD4 /* SearchedLocation.swift */; };
		3F9B00252C064BC0003B8FD4 /* SearchLocationUseCase.swift in Sources */ = {isa = PBXBuildFile; fileRef = 3F9B00242C064BC0003B8FD4 /* SearchLocationUseCase.swift */; };
		3F9B00272C064CEA003B8FD4 /* PreviewLocationRepository.swift in Sources */ = {isa = PBXBuildFile; fileRef = 3F9B00262C064CEA003B8FD4 /* PreviewLocationRepository.swift */; };
		3F9B00292C064E7B003B8FD4 /* SearchLocationViewUseCaseFactory.swift in Sources */ = {isa = PBXBuildFile; fileRef = 3F9B00282C064E7B003B8FD4 /* SearchLocationViewUseCaseFactory.swift */; };
		3FC3BD522C07126100179163 /* StaticLocationProvider.swift in Sources */ = {isa = PBXBuildFile; fileRef = 3FC3BD512C07126100179163 /* StaticLocationProvider.swift */; };
		3FC3BD542C07170C00179163 /* FetchWeatherUseCase.swift in Sources */ = {isa = PBXBuildFile; fileRef = 3FC3BD532C07170C00179163 /* FetchWeatherUseCase.swift */; };
		3FC3BD562C07342E00179163 /* PreviewViewModelFactory.swift in Sources */ = {isa = PBXBuildFile; fileRef = 3FC3BD552C07342E00179163 /* PreviewViewModelFactory.swift */; };
		3FC3BD582C073C5000179163 /* WeatherDetailsLocation.swift in Sources */ = {isa = PBXBuildFile; fileRef = 3FC3BD572C073C5000179163 /* WeatherDetailsLocation.swift */; };
		3FCCCE962C07A24900E90943 /* MockNetworking.swift in Sources */ = {isa = PBXBuildFile; fileRef = 3FCCCE952C07A24900E90943 /* MockNetworking.swift */; };
		3FCCCE992C07A2BC00E90943 /* OpenWeatherAPITests.swift in Sources */ = {isa = PBXBuildFile; fileRef = 3FCCCE982C07A2BC00E90943 /* OpenWeatherAPITests.swift */; };
		3FDCE8DA2C07969500F0C79B /* SearchLocationViewModelTests.swift in Sources */ = {isa = PBXBuildFile; fileRef = 3FDCE8D92C07969500F0C79B /* SearchLocationViewModelTests.swift */; };
		3FDCE8DC2C07970300F0C79B /* MockLocationRepository.swift in Sources */ = {isa = PBXBuildFile; fileRef = 3FDCE8DB2C07970300F0C79B /* MockLocationRepository.swift */; };
/* End PBXBuildFile section */

/* Begin PBXContainerItemProxy section */
		3F3016482C05DEAC0013C232 /* PBXContainerItemProxy */ = {
			isa = PBXContainerItemProxy;
			containerPortal = 3F30162F2C05DEAB0013C232 /* Project object */;
			proxyType = 1;
			remoteGlobalIDString = 3F3016362C05DEAB0013C232;
			remoteInfo = Weather;
		};
		3F3016522C05DEAC0013C232 /* PBXContainerItemProxy */ = {
			isa = PBXContainerItemProxy;
			containerPortal = 3F30162F2C05DEAB0013C232 /* Project object */;
			proxyType = 1;
			remoteGlobalIDString = 3F3016362C05DEAB0013C232;
			remoteInfo = Weather;
		};
/* End PBXContainerItemProxy section */

/* Begin PBXFileReference section */
		3F00715D2C0768BB00FEEE4B /* WeatherDetailsViewModelTests.swift */ = {isa = PBXFileReference; lastKnownFileType = sourcecode.swift; path = WeatherDetailsViewModelTests.swift; sourceTree = "<group>"; };
		3F00715F2C076A4B00FEEE4B /* MockLocationProvider.swift */ = {isa = PBXFileReference; lastKnownFileType = sourcecode.swift; path = MockLocationProvider.swift; sourceTree = "<group>"; };
		3F0071612C076A5B00FEEE4B /* MockWeatherRepository.swift */ = {isa = PBXFileReference; lastKnownFileType = sourcecode.swift; path = MockWeatherRepository.swift; sourceTree = "<group>"; };
		3F3016372C05DEAB0013C232 /* Weather.app */ = {isa = PBXFileReference; explicitFileType = wrapper.application; includeInIndex = 0; path = Weather.app; sourceTree = BUILT_PRODUCTS_DIR; };
		3F30163A2C05DEAB0013C232 /* WeatherApp.swift */ = {isa = PBXFileReference; lastKnownFileType = sourcecode.swift; path = WeatherApp.swift; sourceTree = "<group>"; };
		3F30163C2C05DEAB0013C232 /* MainView.swift */ = {isa = PBXFileReference; lastKnownFileType = sourcecode.swift; path = MainView.swift; sourceTree = "<group>"; };
		3F30163E2C05DEAC0013C232 /* Assets.xcassets */ = {isa = PBXFileReference; lastKnownFileType = folder.assetcatalog; path = Assets.xcassets; sourceTree = "<group>"; };
		3F3016412C05DEAC0013C232 /* Preview Assets.xcassets */ = {isa = PBXFileReference; lastKnownFileType = folder.assetcatalog; path = "Preview Assets.xcassets"; sourceTree = "<group>"; };
		3F3016472C05DEAC0013C232 /* WeatherTests.xctest */ = {isa = PBXFileReference; explicitFileType = wrapper.cfbundle; includeInIndex = 0; path = WeatherTests.xctest; sourceTree = BUILT_PRODUCTS_DIR; };
		3F30164B2C05DEAC0013C232 /* WeatherResponseTests.swift */ = {isa = PBXFileReference; lastKnownFileType = sourcecode.swift; path = WeatherResponseTests.swift; sourceTree = "<group>"; };
		3F3016512C05DEAC0013C232 /* WeatherUITests.xctest */ = {isa = PBXFileReference; explicitFileType = wrapper.cfbundle; includeInIndex = 0; path = WeatherUITests.xctest; sourceTree = BUILT_PRODUCTS_DIR; };
		3F3016552C05DEAC0013C232 /* WeatherUITests.swift */ = {isa = PBXFileReference; lastKnownFileType = sourcecode.swift; path = WeatherUITests.swift; sourceTree = "<group>"; };
		3F3016572C05DEAC0013C232 /* WeatherUITestsLaunchTests.swift */ = {isa = PBXFileReference; lastKnownFileType = sourcecode.swift; path = WeatherUITestsLaunchTests.swift; sourceTree = "<group>"; };
		3F3BD7D62C06641E00FB1D5C /* openweather_geo_coding_api_sample_response.json */ = {isa = PBXFileReference; lastKnownFileType = text.json; path = openweather_geo_coding_api_sample_response.json; sourceTree = "<group>"; };
		3F3BD7D82C0664E200FB1D5C /* LocationReponseTests.swift */ = {isa = PBXFileReference; lastKnownFileType = sourcecode.swift; path = LocationReponseTests.swift; sourceTree = "<group>"; };
		3F3BD7DA2C0665CE00FB1D5C /* LocationResponse.swift */ = {isa = PBXFileReference; lastKnownFileType = sourcecode.swift; path = LocationResponse.swift; sourceTree = "<group>"; };
		3F6C897F2C07719800BEFCC4 /* MockLocationMonitor.swift */ = {isa = PBXFileReference; lastKnownFileType = sourcecode.swift; path = MockLocationMonitor.swift; sourceTree = "<group>"; };
		3F6C89812C07731E00BEFCC4 /* Weather.xctestplan */ = {isa = PBXFileReference; lastKnownFileType = text; path = Weather.xctestplan; sourceTree = "<group>"; };
		3F6D322F2C07563900963B84 /* MonitorSignificantLocationChangeUseCase.swift */ = {isa = PBXFileReference; lastKnownFileType = sourcecode.swift; path = MonitorSignificantLocationChangeUseCase.swift; sourceTree = "<group>"; };
		3F6D32312C075FF100963B84 /* PreviewLocationMonitor.swift */ = {isa = PBXFileReference; lastKnownFileType = sourcecode.swift; path = PreviewLocationMonitor.swift; sourceTree = "<group>"; };
		3F794CB72C0788CE0073CB95 /* FetchWeatherUseCaseTests.swift */ = {isa = PBXFileReference; lastKnownFileType = sourcecode.swift; path = FetchWeatherUseCaseTests.swift; sourceTree = "<group>"; };
		3F794CB92C078AF90073CB95 /* MonitorSignificantLocationChangeUseCaseTests.swift */ = {isa = PBXFileReference; lastKnownFileType = sourcecode.swift; path = MonitorSignificantLocationChangeUseCaseTests.swift; sourceTree = "<group>"; };
		3F8AFAA32C079E8700DED0B3 /* SearchLocationUseCaseTests.swift */ = {isa = PBXFileReference; lastKnownFileType = sourcecode.swift; path = SearchLocationUseCaseTests.swift; sourceTree = "<group>"; };
		3F8DA5AF2C07852C00671676 /* FetchWeatherAtCurrentLocationUseCaseTests.swift */ = {isa = PBXFileReference; lastKnownFileType = sourcecode.swift; path = FetchWeatherAtCurrentLocationUseCaseTests.swift; sourceTree = "<group>"; };
		3F9B00012C05E3F5003B8FD4 /* SearchLocationView.swift */ = {isa = PBXFileReference; lastKnownFileType = sourcecode.swift; path = SearchLocationView.swift; sourceTree = "<group>"; };
		3F9B00032C05E9E2003B8FD4 /* WeatherDetailsViewModel.swift */ = {isa = PBXFileReference; lastKnownFileType = sourcecode.swift; path = WeatherDetailsViewModel.swift; sourceTree = "<group>"; };
		3F9B00052C05EF24003B8FD4 /* Weather.swift */ = {isa = PBXFileReference; lastKnownFileType = sourcecode.swift; path = Weather.swift; sourceTree = "<group>"; };
		3F9B00072C05EF7E003B8FD4 /* GeoCoordinates.swift */ = {isa = PBXFileReference; lastKnownFileType = sourcecode.swift; path = GeoCoordinates.swift; sourceTree = "<group>"; };
		3F9B00092C05F0B6003B8FD4 /* FetchWeatherAtCurrentLocationUseCase.swift */ = {isa = PBXFileReference; lastKnownFileType = sourcecode.swift; path = FetchWeatherAtCurrentLocationUseCase.swift; sourceTree = "<group>"; };
		3F9B000B2C05F2AE003B8FD4 /* PreviewLocationProvider.swift */ = {isa = PBXFileReference; lastKnownFileType = sourcecode.swift; path = PreviewLocationProvider.swift; sourceTree = "<group>"; };
		3F9B000D2C05F2BD003B8FD4 /* PreviewWeatherRepository.swift */ = {isa = PBXFileReference; lastKnownFileType = sourcecode.swift; path = PreviewWeatherRepository.swift; sourceTree = "<group>"; };
		3F9B000F2C060AAC003B8FD4 /* WeatherDetailsViewUseCaseFactory.swift */ = {isa = PBXFileReference; lastKnownFileType = sourcecode.swift; path = WeatherDetailsViewUseCaseFactory.swift; sourceTree = "<group>"; };
		3F9B00112C060B1A003B8FD4 /* OpenWeatherAPI.swift */ = {isa = PBXFileReference; lastKnownFileType = sourcecode.swift; path = OpenWeatherAPI.swift; sourceTree = "<group>"; };
		3F9B00132C060B54003B8FD4 /* CoreLocationManager.swift */ = {isa = PBXFileReference; lastKnownFileType = sourcecode.swift; path = CoreLocationManager.swift; sourceTree = "<group>"; };
		3F9B00162C061670003B8FD4 /* NumberFormatter.swift */ = {isa = PBXFileReference; lastKnownFileType = sourcecode.swift; path = NumberFormatter.swift; sourceTree = "<group>"; };
		3F9B001C2C063ACB003B8FD4 /* openweather_current_weather_api_sample_response.json */ = {isa = PBXFileReference; lastKnownFileType = text.json; path = openweather_current_weather_api_sample_response.json; sourceTree = "<group>"; };
		3F9B001E2C063CA9003B8FD4 /* WeatherResponse.swift */ = {isa = PBXFileReference; lastKnownFileType = sourcecode.swift; path = WeatherResponse.swift; sourceTree = "<group>"; };
		3F9B00202C064A8D003B8FD4 /* SearchLocationViewModel.swift */ = {isa = PBXFileReference; lastKnownFileType = sourcecode.swift; path = SearchLocationViewModel.swift; sourceTree = "<group>"; };
		3F9B00222C064AF0003B8FD4 /* SearchedLocation.swift */ = {isa = PBXFileReference; lastKnownFileType = sourcecode.swift; path = SearchedLocation.swift; sourceTree = "<group>"; };
		3F9B00242C064BC0003B8FD4 /* SearchLocationUseCase.swift */ = {isa = PBXFileReference; lastKnownFileType = sourcecode.swift; path = SearchLocationUseCase.swift; sourceTree = "<group>"; };
		3F9B00262C064CEA003B8FD4 /* PreviewLocationRepository.swift */ = {isa = PBXFileReference; lastKnownFileType = sourcecode.swift; path = PreviewLocationRepository.swift; sourceTree = "<group>"; };
		3F9B00282C064E7B003B8FD4 /* SearchLocationViewUseCaseFactory.swift */ = {isa = PBXFileReference; lastKnownFileType = sourcecode.swift; path = SearchLocationViewUseCaseFactory.swift; sourceTree = "<group>"; };
		3F9BFFFF2C05E382003B8FD4 /* WeatherDetailsView.swift */ = {isa = PBXFileReference; lastKnownFileType = sourcecode.swift; path = WeatherDetailsView.swift; sourceTree = "<group>"; };
		3FC3BD512C07126100179163 /* StaticLocationProvider.swift */ = {isa = PBXFileReference; lastKnownFileType = sourcecode.swift; path = StaticLocationProvider.swift; sourceTree = "<group>"; };
		3FC3BD532C07170C00179163 /* FetchWeatherUseCase.swift */ = {isa = PBXFileReference; lastKnownFileType = sourcecode.swift; path = FetchWeatherUseCase.swift; sourceTree = "<group>"; };
		3FC3BD552C07342E00179163 /* PreviewViewModelFactory.swift */ = {isa = PBXFileReference; lastKnownFileType = sourcecode.swift; path = PreviewViewModelFactory.swift; sourceTree = "<group>"; };
		3FC3BD572C073C5000179163 /* WeatherDetailsLocation.swift */ = {isa = PBXFileReference; lastKnownFileType = sourcecode.swift; path = WeatherDetailsLocation.swift; sourceTree = "<group>"; };
		3FCCCE952C07A24900E90943 /* MockNetworking.swift */ = {isa = PBXFileReference; lastKnownFileType = sourcecode.swift; path = MockNetworking.swift; sourceTree = "<group>"; };
		3FCCCE982C07A2BC00E90943 /* OpenWeatherAPITests.swift */ = {isa = PBXFileReference; lastKnownFileType = sourcecode.swift; path = OpenWeatherAPITests.swift; sourceTree = "<group>"; };
		3FDCE8D92C07969500F0C79B /* SearchLocationViewModelTests.swift */ = {isa = PBXFileReference; lastKnownFileType = sourcecode.swift; path = SearchLocationViewModelTests.swift; sourceTree = "<group>"; };
		3FDCE8DB2C07970300F0C79B /* MockLocationRepository.swift */ = {isa = PBXFileReference; lastKnownFileType = sourcecode.swift; path = MockLocationRepository.swift; sourceTree = "<group>"; };
/* End PBXFileReference section */

/* Begin PBXFrameworksBuildPhase section */
		3F3016342C05DEAB0013C232 /* Frameworks */ = {
			isa = PBXFrameworksBuildPhase;
			buildActionMask = 2147483647;
			files = (
				3F9B001A2C062689003B8FD4 /* AsyncLocationKit in Frameworks */,
			);
			runOnlyForDeploymentPostprocessing = 0;
		};
		3F3016442C05DEAC0013C232 /* Frameworks */ = {
			isa = PBXFrameworksBuildPhase;
			buildActionMask = 2147483647;
			files = (
			);
			runOnlyForDeploymentPostprocessing = 0;
		};
		3F30164E2C05DEAC0013C232 /* Frameworks */ = {
			isa = PBXFrameworksBuildPhase;
			buildActionMask = 2147483647;
			files = (
			);
			runOnlyForDeploymentPostprocessing = 0;
		};
/* End PBXFrameworksBuildPhase section */

/* Begin PBXGroup section */
		3F00715A2C07688700FEEE4B /* features */ = {
			isa = PBXGroup;
			children = (
				3F00715B2C07689300FEEE4B /* weather detail */,
				3FDCE8D62C07967100F0C79B /* location search */,
			);
			path = features;
			sourceTree = "<group>";
		};
		3F00715B2C07689300FEEE4B /* weather detail */ = {
			isa = PBXGroup;
			children = (
				3F00715C2C0768A600FEEE4B /* presentation */,
				3F8DA5AE2C07851A00671676 /* domain */,
				3FCCCE972C07A2A700E90943 /* data */,
			);
			path = "weather detail";
			sourceTree = "<group>";
		};
		3F00715C2C0768A600FEEE4B /* presentation */ = {
			isa = PBXGroup;
			children = (
				3F00715D2C0768BB00FEEE4B /* WeatherDetailsViewModelTests.swift */,
			);
			path = presentation;
			sourceTree = "<group>";
		};
		3F30162E2C05DEAB0013C232 = {
			isa = PBXGroup;
			children = (
				3F6C89812C07731E00BEFCC4 /* Weather.xctestplan */,
				3F3016392C05DEAB0013C232 /* Weather */,
				3F30164A2C05DEAC0013C232 /* WeatherTests */,
				3F3016542C05DEAC0013C232 /* WeatherUITests */,
				3F3016382C05DEAB0013C232 /* Products */,
			);
			sourceTree = "<group>";
		};
		3F3016382C05DEAB0013C232 /* Products */ = {
			isa = PBXGroup;
			children = (
				3F3016372C05DEAB0013C232 /* Weather.app */,
				3F3016472C05DEAC0013C232 /* WeatherTests.xctest */,
				3F3016512C05DEAC0013C232 /* WeatherUITests.xctest */,
			);
			name = Products;
			sourceTree = "<group>";
		};
		3F3016392C05DEAB0013C232 /* Weather */ = {
			isa = PBXGroup;
			children = (
				3F6E03472C05DFB300252534 /* features */,
				3F30163A2C05DEAB0013C232 /* WeatherApp.swift */,
				3F30163C2C05DEAB0013C232 /* MainView.swift */,
				3F9B00152C06164D003B8FD4 /* utilities */,
				3F30163E2C05DEAC0013C232 /* Assets.xcassets */,
				3F3016402C05DEAC0013C232 /* Preview Content */,
			);
			path = Weather;
			sourceTree = "<group>";
		};
		3F3016402C05DEAC0013C232 /* Preview Content */ = {
			isa = PBXGroup;
			children = (
				3F3016412C05DEAC0013C232 /* Preview Assets.xcassets */,
				3F9B000B2C05F2AE003B8FD4 /* PreviewLocationProvider.swift */,
				3F9B000D2C05F2BD003B8FD4 /* PreviewWeatherRepository.swift */,
				3F9B00262C064CEA003B8FD4 /* PreviewLocationRepository.swift */,
				3F6D32312C075FF100963B84 /* PreviewLocationMonitor.swift */,
				3FC3BD552C07342E00179163 /* PreviewViewModelFactory.swift */,
			);
			path = "Preview Content";
			sourceTree = "<group>";
		};
		3F30164A2C05DEAC0013C232 /* WeatherTests */ = {
			isa = PBXGroup;
			children = (
				3F00715A2C07688700FEEE4B /* features */,
				3F9B001B2C063A9F003B8FD4 /* mocks and test data */,
				3F30164B2C05DEAC0013C232 /* WeatherResponseTests.swift */,
				3F3BD7D82C0664E200FB1D5C /* LocationReponseTests.swift */,
			);
			path = WeatherTests;
			sourceTree = "<group>";
		};
		3F3016542C05DEAC0013C232 /* WeatherUITests */ = {
			isa = PBXGroup;
			children = (
				3F3016552C05DEAC0013C232 /* WeatherUITests.swift */,
				3F3016572C05DEAC0013C232 /* WeatherUITestsLaunchTests.swift */,
			);
			path = WeatherUITests;
			sourceTree = "<group>";
		};
		3F6E03472C05DFB300252534 /* features */ = {
			isa = PBXGroup;
			children = (
				3F6E03482C05DFBE00252534 /* weather detail */,
				3F6E03492C05E09200252534 /* location search */,
			);
			path = features;
			sourceTree = "<group>";
		};
		3F6E03482C05DFBE00252534 /* weather detail */ = {
			isa = PBXGroup;
			children = (
				3F9BFFF92C05E316003B8FD4 /* presentation */,
				3F9BFFFA2C05E320003B8FD4 /* domain */,
				3F9BFFFB2C05E328003B8FD4 /* data */,
			);
			path = "weather detail";
			sourceTree = "<group>";
		};
		3F6E03492C05E09200252534 /* location search */ = {
			isa = PBXGroup;
			children = (
				3F9BFFFC2C05E33A003B8FD4 /* presentation */,
				3F9BFFFD2C05E33F003B8FD4 /* domain */,
				3F9BFFFE2C05E346003B8FD4 /* data */,
			);
			path = "location search";
			sourceTree = "<group>";
		};
		3F8DA5AE2C07851A00671676 /* domain */ = {
			isa = PBXGroup;
			children = (
				3F8DA5AF2C07852C00671676 /* FetchWeatherAtCurrentLocationUseCaseTests.swift */,
				3F794CB72C0788CE0073CB95 /* FetchWeatherUseCaseTests.swift */,
				3F794CB92C078AF90073CB95 /* MonitorSignificantLocationChangeUseCaseTests.swift */,
			);
			path = domain;
			sourceTree = "<group>";
		};
		3F9B00152C06164D003B8FD4 /* utilities */ = {
			isa = PBXGroup;
			children = (
				3F9B00162C061670003B8FD4 /* NumberFormatter.swift */,
			);
			path = utilities;
			sourceTree = "<group>";
		};
		3F9B001B2C063A9F003B8FD4 /* mocks and test data */ = {
			isa = PBXGroup;
			children = (
				3F9B001C2C063ACB003B8FD4 /* openweather_current_weather_api_sample_response.json */,
				3F3BD7D62C06641E00FB1D5C /* openweather_geo_coding_api_sample_response.json */,
				3F00715F2C076A4B00FEEE4B /* MockLocationProvider.swift */,
				3F0071612C076A5B00FEEE4B /* MockWeatherRepository.swift */,
				3F6C897F2C07719800BEFCC4 /* MockLocationMonitor.swift */,
				3FDCE8DB2C07970300F0C79B /* MockLocationRepository.swift */,
				3FCCCE952C07A24900E90943 /* MockNetworking.swift */,
			);
			path = "mocks and test data";
			sourceTree = "<group>";
		};
		3F9BFFF92C05E316003B8FD4 /* presentation */ = {
			isa = PBXGroup;
			children = (
				3F9BFFFF2C05E382003B8FD4 /* WeatherDetailsView.swift */,
				3F9B00032C05E9E2003B8FD4 /* WeatherDetailsViewModel.swift */,
			);
			path = presentation;
			sourceTree = "<group>";
		};
		3F9BFFFA2C05E320003B8FD4 /* domain */ = {
			isa = PBXGroup;
			children = (
				3F9B00052C05EF24003B8FD4 /* Weather.swift */,
				3F9B00072C05EF7E003B8FD4 /* GeoCoordinates.swift */,
				3FC3BD572C073C5000179163 /* WeatherDetailsLocation.swift */,
				3F9B00092C05F0B6003B8FD4 /* FetchWeatherAtCurrentLocationUseCase.swift */,
				3FC3BD532C07170C00179163 /* FetchWeatherUseCase.swift */,
				3F6D322F2C07563900963B84 /* MonitorSignificantLocationChangeUseCase.swift */,
				3F9B000F2C060AAC003B8FD4 /* WeatherDetailsViewUseCaseFactory.swift */,
			);
			path = domain;
			sourceTree = "<group>";
		};
		3F9BFFFB2C05E328003B8FD4 /* data */ = {
			isa = PBXGroup;
			children = (
				3F9B00112C060B1A003B8FD4 /* OpenWeatherAPI.swift */,
				3F9B001E2C063CA9003B8FD4 /* WeatherResponse.swift */,
				3F9B00132C060B54003B8FD4 /* CoreLocationManager.swift */,
				3FC3BD512C07126100179163 /* StaticLocationProvider.swift */,
			);
			path = data;
			sourceTree = "<group>";
		};
		3F9BFFFC2C05E33A003B8FD4 /* presentation */ = {
			isa = PBXGroup;
			children = (
				3F9B00012C05E3F5003B8FD4 /* SearchLocationView.swift */,
				3F9B00202C064A8D003B8FD4 /* SearchLocationViewModel.swift */,
			);
			path = presentation;
			sourceTree = "<group>";
		};
		3F9BFFFD2C05E33F003B8FD4 /* domain */ = {
			isa = PBXGroup;
			children = (
				3F9B00222C064AF0003B8FD4 /* SearchedLocation.swift */,
				3F9B00242C064BC0003B8FD4 /* SearchLocationUseCase.swift */,
				3F9B00282C064E7B003B8FD4 /* SearchLocationViewUseCaseFactory.swift */,
			);
			path = domain;
			sourceTree = "<group>";
		};
		3F9BFFFE2C05E346003B8FD4 /* data */ = {
			isa = PBXGroup;
			children = (
				3F3BD7DA2C0665CE00FB1D5C /* LocationResponse.swift */,
			);
			path = data;
			sourceTree = "<group>";
		};
		3FCCCE972C07A2A700E90943 /* data */ = {
			isa = PBXGroup;
			children = (
				3FCCCE982C07A2BC00E90943 /* OpenWeatherAPITests.swift */,
			);
			path = data;
			sourceTree = "<group>";
		};
		3FDCE8D62C07967100F0C79B /* location search */ = {
			isa = PBXGroup;
			children = (
				3FDCE8D72C07967900F0C79B /* presentation */,
				3FDCE8D82C07967E00F0C79B /* domain */,
			);
			path = "location search";
			sourceTree = "<group>";
		};
		3FDCE8D72C07967900F0C79B /* presentation */ = {
			isa = PBXGroup;
			children = (
				3FDCE8D92C07969500F0C79B /* SearchLocationViewModelTests.swift */,
			);
			path = presentation;
			sourceTree = "<group>";
		};
		3FDCE8D82C07967E00F0C79B /* domain */ = {
			isa = PBXGroup;
			children = (
				3F8AFAA32C079E8700DED0B3 /* SearchLocationUseCaseTests.swift */,
			);
			path = domain;
			sourceTree = "<group>";
		};
/* End PBXGroup section */

/* Begin PBXNativeTarget section */
		3F3016362C05DEAB0013C232 /* Weather */ = {
			isa = PBXNativeTarget;
			buildConfigurationList = 3F30165B2C05DEAC0013C232 /* Build configuration list for PBXNativeTarget "Weather" */;
			buildPhases = (
				3F3016332C05DEAB0013C232 /* Sources */,
				3F3016342C05DEAB0013C232 /* Frameworks */,
				3F3016352C05DEAB0013C232 /* Resources */,
			);
			buildRules = (
			);
			dependencies = (
			);
			name = Weather;
			packageProductDependencies = (
				3F9B00192C062689003B8FD4 /* AsyncLocationKit */,
			);
			productName = Weather;
			productReference = 3F3016372C05DEAB0013C232 /* Weather.app */;
			productType = "com.apple.product-type.application";
		};
		3F3016462C05DEAC0013C232 /* WeatherTests */ = {
			isa = PBXNativeTarget;
			buildConfigurationList = 3F30165E2C05DEAC0013C232 /* Build configuration list for PBXNativeTarget "WeatherTests" */;
			buildPhases = (
				3F3016432C05DEAC0013C232 /* Sources */,
				3F3016442C05DEAC0013C232 /* Frameworks */,
				3F3016452C05DEAC0013C232 /* Resources */,
			);
			buildRules = (
			);
			dependencies = (
				3F3016492C05DEAC0013C232 /* PBXTargetDependency */,
			);
			name = WeatherTests;
			productName = WeatherTests;
			productReference = 3F3016472C05DEAC0013C232 /* WeatherTests.xctest */;
			productType = "com.apple.product-type.bundle.unit-test";
		};
		3F3016502C05DEAC0013C232 /* WeatherUITests */ = {
			isa = PBXNativeTarget;
			buildConfigurationList = 3F3016612C05DEAC0013C232 /* Build configuration list for PBXNativeTarget "WeatherUITests" */;
			buildPhases = (
				3F30164D2C05DEAC0013C232 /* Sources */,
				3F30164E2C05DEAC0013C232 /* Frameworks */,
				3F30164F2C05DEAC0013C232 /* Resources */,
			);
			buildRules = (
			);
			dependencies = (
				3F3016532C05DEAC0013C232 /* PBXTargetDependency */,
			);
			name = WeatherUITests;
			productName = WeatherUITests;
			productReference = 3F3016512C05DEAC0013C232 /* WeatherUITests.xctest */;
			productType = "com.apple.product-type.bundle.ui-testing";
		};
/* End PBXNativeTarget section */

/* Begin PBXProject section */
		3F30162F2C05DEAB0013C232 /* Project object */ = {
			isa = PBXProject;
			attributes = {
				BuildIndependentTargetsInParallel = 1;
				LastSwiftUpdateCheck = 1540;
				LastUpgradeCheck = 1540;
				TargetAttributes = {
					3F3016362C05DEAB0013C232 = {
						CreatedOnToolsVersion = 15.4;
					};
					3F3016462C05DEAC0013C232 = {
						CreatedOnToolsVersion = 15.4;
						TestTargetID = 3F3016362C05DEAB0013C232;
					};
					3F3016502C05DEAC0013C232 = {
						CreatedOnToolsVersion = 15.4;
						TestTargetID = 3F3016362C05DEAB0013C232;
					};
				};
			};
			buildConfigurationList = 3F3016322C05DEAB0013C232 /* Build configuration list for PBXProject "Weather" */;
			compatibilityVersion = "Xcode 14.0";
			developmentRegion = en;
			hasScannedForEncodings = 0;
			knownRegions = (
				en,
				Base,
			);
			mainGroup = 3F30162E2C05DEAB0013C232;
			packageReferences = (
				3F9B00182C062689003B8FD4 /* XCRemoteSwiftPackageReference "AsyncLocationKit" */,
			);
			productRefGroup = 3F3016382C05DEAB0013C232 /* Products */;
			projectDirPath = "";
			projectRoot = "";
			targets = (
				3F3016362C05DEAB0013C232 /* Weather */,
				3F3016462C05DEAC0013C232 /* WeatherTests */,
				3F3016502C05DEAC0013C232 /* WeatherUITests */,
			);
		};
/* End PBXProject section */

/* Begin PBXResourcesBuildPhase section */
		3F3016352C05DEAB0013C232 /* Resources */ = {
			isa = PBXResourcesBuildPhase;
			buildActionMask = 2147483647;
			files = (
				3F3016422C05DEAC0013C232 /* Preview Assets.xcassets in Resources */,
				3F30163F2C05DEAC0013C232 /* Assets.xcassets in Resources */,
			);
			runOnlyForDeploymentPostprocessing = 0;
		};
		3F3016452C05DEAC0013C232 /* Resources */ = {
			isa = PBXResourcesBuildPhase;
			buildActionMask = 2147483647;
			files = (
				3F3BD7D72C06641E00FB1D5C /* openweather_geo_coding_api_sample_response.json in Resources */,
				3F9B001D2C063ACB003B8FD4 /* openweather_current_weather_api_sample_response.json in Resources */,
			);
			runOnlyForDeploymentPostprocessing = 0;
		};
		3F30164F2C05DEAC0013C232 /* Resources */ = {
			isa = PBXResourcesBuildPhase;
			buildActionMask = 2147483647;
			files = (
			);
			runOnlyForDeploymentPostprocessing = 0;
		};
/* End PBXResourcesBuildPhase section */

/* Begin PBXSourcesBuildPhase section */
		3F3016332C05DEAB0013C232 /* Sources */ = {
			isa = PBXSourcesBuildPhase;
			buildActionMask = 2147483647;
			files = (
				3F6D32302C07563900963B84 /* MonitorSignificantLocationChangeUseCase.swift in Sources */,
				3F9B00292C064E7B003B8FD4 /* SearchLocationViewUseCaseFactory.swift in Sources */,
				3F9B00252C064BC0003B8FD4 /* SearchLocationUseCase.swift in Sources */,
				3F30163D2C05DEAB0013C232 /* MainView.swift in Sources */,
				3F9B001F2C063CA9003B8FD4 /* WeatherResponse.swift in Sources */,
				3F9B000E2C05F2BD003B8FD4 /* PreviewWeatherRepository.swift in Sources */,
				3FC3BD522C07126100179163 /* StaticLocationProvider.swift in Sources */,
				3F9B00212C064A8D003B8FD4 /* SearchLocationViewModel.swift in Sources */,
				3FC3BD582C073C5000179163 /* WeatherDetailsLocation.swift in Sources */,
				3F9B00142C060B54003B8FD4 /* CoreLocationManager.swift in Sources */,
				3F9B00232C064AF0003B8FD4 /* SearchedLocation.swift in Sources */,
				3F3BD7DB2C0665CE00FB1D5C /* LocationResponse.swift in Sources */,
				3F9B00172C061670003B8FD4 /* NumberFormatter.swift in Sources */,
				3F9B00102C060AAC003B8FD4 /* WeatherDetailsViewUseCaseFactory.swift in Sources */,
				3F9B00022C05E3F5003B8FD4 /* SearchLocationView.swift in Sources */,
				3F9B00002C05E382003B8FD4 /* WeatherDetailsView.swift in Sources */,
				3FC3BD542C07170C00179163 /* FetchWeatherUseCase.swift in Sources */,
				3F9B000A2C05F0B6003B8FD4 /* FetchWeatherAtCurrentLocationUseCase.swift in Sources */,
				3FC3BD562C07342E00179163 /* PreviewViewModelFactory.swift in Sources */,
				3F9B00272C064CEA003B8FD4 /* PreviewLocationRepository.swift in Sources */,
				3F30163B2C05DEAB0013C232 /* WeatherApp.swift in Sources */,
				3F9B00062C05EF24003B8FD4 /* Weather.swift in Sources */,
				3F9B00042C05E9E2003B8FD4 /* WeatherDetailsViewModel.swift in Sources */,
				3F9B000C2C05F2AE003B8FD4 /* PreviewLocationProvider.swift in Sources */,
				3F9B00082C05EF7E003B8FD4 /* GeoCoordinates.swift in Sources */,
				3F6D32322C075FF100963B84 /* PreviewLocationMonitor.swift in Sources */,
				3F9B00122C060B1A003B8FD4 /* OpenWeatherAPI.swift in Sources */,
			);
			runOnlyForDeploymentPostprocessing = 0;
		};
		3F3016432C05DEAC0013C232 /* Sources */ = {
			isa = PBXSourcesBuildPhase;
			buildActionMask = 2147483647;
			files = (
				3F0071622C076A5B00FEEE4B /* MockWeatherRepository.swift in Sources */,
				3FCCCE992C07A2BC00E90943 /* OpenWeatherAPITests.swift in Sources */,
				3F00715E2C0768BB00FEEE4B /* WeatherDetailsViewModelTests.swift in Sources */,
				3FDCE8DC2C07970300F0C79B /* MockLocationRepository.swift in Sources */,
				3F30164C2C05DEAC0013C232 /* WeatherResponseTests.swift in Sources */,
				3FDCE8DA2C07969500F0C79B /* SearchLocationViewModelTests.swift in Sources */,
				3F794CBA2C078AF90073CB95 /* MonitorSignificantLocationChangeUseCaseTests.swift in Sources */,
				3FCCCE962C07A24900E90943 /* MockNetworking.swift in Sources */,
				3F6C89802C07719800BEFCC4 /* MockLocationMonitor.swift in Sources */,
				3F8DA5B02C07852C00671676 /* FetchWeatherAtCurrentLocationUseCaseTests.swift in Sources */,
				3F8AFAA42C079E8700DED0B3 /* SearchLocationUseCaseTests.swift in Sources */,
				3F3BD7D92C0664E200FB1D5C /* LocationReponseTests.swift in Sources */,
				3F0071602C076A4B00FEEE4B /* MockLocationProvider.swift in Sources */,
				3F794CB82C0788CE0073CB95 /* FetchWeatherUseCaseTests.swift in Sources */,
			);
			runOnlyForDeploymentPostprocessing = 0;
		};
		3F30164D2C05DEAC0013C232 /* Sources */ = {
			isa = PBXSourcesBuildPhase;
			buildActionMask = 2147483647;
			files = (
				3F3016562C05DEAC0013C232 /* WeatherUITests.swift in Sources */,
				3F3016582C05DEAC0013C232 /* WeatherUITestsLaunchTests.swift in Sources */,
			);
			runOnlyForDeploymentPostprocessing = 0;
		};
/* End PBXSourcesBuildPhase section */

/* Begin PBXTargetDependency section */
		3F3016492C05DEAC0013C232 /* PBXTargetDependency */ = {
			isa = PBXTargetDependency;
			target = 3F3016362C05DEAB0013C232 /* Weather */;
			targetProxy = 3F3016482C05DEAC0013C232 /* PBXContainerItemProxy */;
		};
		3F3016532C05DEAC0013C232 /* PBXTargetDependency */ = {
			isa = PBXTargetDependency;
			target = 3F3016362C05DEAB0013C232 /* Weather */;
			targetProxy = 3F3016522C05DEAC0013C232 /* PBXContainerItemProxy */;
		};
/* End PBXTargetDependency section */

/* Begin XCBuildConfiguration section */
		3F3016592C05DEAC0013C232 /* Debug */ = {
			isa = XCBuildConfiguration;
			buildSettings = {
				ALWAYS_SEARCH_USER_PATHS = NO;
				ASSETCATALOG_COMPILER_GENERATE_SWIFT_ASSET_SYMBOL_EXTENSIONS = YES;
				CLANG_ANALYZER_NONNULL = YES;
				CLANG_ANALYZER_NUMBER_OBJECT_CONVERSION = YES_AGGRESSIVE;
				CLANG_CXX_LANGUAGE_STANDARD = "gnu++20";
				CLANG_ENABLE_MODULES = YES;
				CLANG_ENABLE_OBJC_ARC = YES;
				CLANG_ENABLE_OBJC_WEAK = YES;
				CLANG_WARN_BLOCK_CAPTURE_AUTORELEASING = YES;
				CLANG_WARN_BOOL_CONVERSION = YES;
				CLANG_WARN_COMMA = YES;
				CLANG_WARN_CONSTANT_CONVERSION = YES;
				CLANG_WARN_DEPRECATED_OBJC_IMPLEMENTATIONS = YES;
				CLANG_WARN_DIRECT_OBJC_ISA_USAGE = YES_ERROR;
				CLANG_WARN_DOCUMENTATION_COMMENTS = YES;
				CLANG_WARN_EMPTY_BODY = YES;
				CLANG_WARN_ENUM_CONVERSION = YES;
				CLANG_WARN_INFINITE_RECURSION = YES;
				CLANG_WARN_INT_CONVERSION = YES;
				CLANG_WARN_NON_LITERAL_NULL_CONVERSION = YES;
				CLANG_WARN_OBJC_IMPLICIT_RETAIN_SELF = YES;
				CLANG_WARN_OBJC_LITERAL_CONVERSION = YES;
				CLANG_WARN_OBJC_ROOT_CLASS = YES_ERROR;
				CLANG_WARN_QUOTED_INCLUDE_IN_FRAMEWORK_HEADER = YES;
				CLANG_WARN_RANGE_LOOP_ANALYSIS = YES;
				CLANG_WARN_STRICT_PROTOTYPES = YES;
				CLANG_WARN_SUSPICIOUS_MOVE = YES;
				CLANG_WARN_UNGUARDED_AVAILABILITY = YES_AGGRESSIVE;
				CLANG_WARN_UNREACHABLE_CODE = YES;
				CLANG_WARN__DUPLICATE_METHOD_MATCH = YES;
				COPY_PHASE_STRIP = NO;
				DEBUG_INFORMATION_FORMAT = dwarf;
				ENABLE_STRICT_OBJC_MSGSEND = YES;
				ENABLE_TESTABILITY = YES;
				ENABLE_USER_SCRIPT_SANDBOXING = YES;
				GCC_C_LANGUAGE_STANDARD = gnu17;
				GCC_DYNAMIC_NO_PIC = NO;
				GCC_NO_COMMON_BLOCKS = YES;
				GCC_OPTIMIZATION_LEVEL = 0;
				GCC_PREPROCESSOR_DEFINITIONS = (
					"DEBUG=1",
					"$(inherited)",
				);
				GCC_WARN_64_TO_32_BIT_CONVERSION = YES;
				GCC_WARN_ABOUT_RETURN_TYPE = YES_ERROR;
				GCC_WARN_UNDECLARED_SELECTOR = YES;
				GCC_WARN_UNINITIALIZED_AUTOS = YES_AGGRESSIVE;
				GCC_WARN_UNUSED_FUNCTION = YES;
				GCC_WARN_UNUSED_VARIABLE = YES;
				IPHONEOS_DEPLOYMENT_TARGET = 17.0;
				LOCALIZATION_PREFERS_STRING_CATALOGS = YES;
				MTL_ENABLE_DEBUG_INFO = INCLUDE_SOURCE;
				MTL_FAST_MATH = YES;
				ONLY_ACTIVE_ARCH = YES;
				SDKROOT = iphoneos;
				SWIFT_ACTIVE_COMPILATION_CONDITIONS = "DEBUG $(inherited)";
				SWIFT_OPTIMIZATION_LEVEL = "-Onone";
			};
			name = Debug;
		};
		3F30165A2C05DEAC0013C232 /* Release */ = {
			isa = XCBuildConfiguration;
			buildSettings = {
				ALWAYS_SEARCH_USER_PATHS = NO;
				ASSETCATALOG_COMPILER_GENERATE_SWIFT_ASSET_SYMBOL_EXTENSIONS = YES;
				CLANG_ANALYZER_NONNULL = YES;
				CLANG_ANALYZER_NUMBER_OBJECT_CONVERSION = YES_AGGRESSIVE;
				CLANG_CXX_LANGUAGE_STANDARD = "gnu++20";
				CLANG_ENABLE_MODULES = YES;
				CLANG_ENABLE_OBJC_ARC = YES;
				CLANG_ENABLE_OBJC_WEAK = YES;
				CLANG_WARN_BLOCK_CAPTURE_AUTORELEASING = YES;
				CLANG_WARN_BOOL_CONVERSION = YES;
				CLANG_WARN_COMMA = YES;
				CLANG_WARN_CONSTANT_CONVERSION = YES;
				CLANG_WARN_DEPRECATED_OBJC_IMPLEMENTATIONS = YES;
				CLANG_WARN_DIRECT_OBJC_ISA_USAGE = YES_ERROR;
				CLANG_WARN_DOCUMENTATION_COMMENTS = YES;
				CLANG_WARN_EMPTY_BODY = YES;
				CLANG_WARN_ENUM_CONVERSION = YES;
				CLANG_WARN_INFINITE_RECURSION = YES;
				CLANG_WARN_INT_CONVERSION = YES;
				CLANG_WARN_NON_LITERAL_NULL_CONVERSION = YES;
				CLANG_WARN_OBJC_IMPLICIT_RETAIN_SELF = YES;
				CLANG_WARN_OBJC_LITERAL_CONVERSION = YES;
				CLANG_WARN_OBJC_ROOT_CLASS = YES_ERROR;
				CLANG_WARN_QUOTED_INCLUDE_IN_FRAMEWORK_HEADER = YES;
				CLANG_WARN_RANGE_LOOP_ANALYSIS = YES;
				CLANG_WARN_STRICT_PROTOTYPES = YES;
				CLANG_WARN_SUSPICIOUS_MOVE = YES;
				CLANG_WARN_UNGUARDED_AVAILABILITY = YES_AGGRESSIVE;
				CLANG_WARN_UNREACHABLE_CODE = YES;
				CLANG_WARN__DUPLICATE_METHOD_MATCH = YES;
				COPY_PHASE_STRIP = NO;
				DEBUG_INFORMATION_FORMAT = "dwarf-with-dsym";
				ENABLE_NS_ASSERTIONS = NO;
				ENABLE_STRICT_OBJC_MSGSEND = YES;
				ENABLE_USER_SCRIPT_SANDBOXING = YES;
				GCC_C_LANGUAGE_STANDARD = gnu17;
				GCC_NO_COMMON_BLOCKS = YES;
				GCC_WARN_64_TO_32_BIT_CONVERSION = YES;
				GCC_WARN_ABOUT_RETURN_TYPE = YES_ERROR;
				GCC_WARN_UNDECLARED_SELECTOR = YES;
				GCC_WARN_UNINITIALIZED_AUTOS = YES_AGGRESSIVE;
				GCC_WARN_UNUSED_FUNCTION = YES;
				GCC_WARN_UNUSED_VARIABLE = YES;
				IPHONEOS_DEPLOYMENT_TARGET = 17.0;
				LOCALIZATION_PREFERS_STRING_CATALOGS = YES;
				MTL_ENABLE_DEBUG_INFO = NO;
				MTL_FAST_MATH = YES;
				SDKROOT = iphoneos;
				SWIFT_COMPILATION_MODE = wholemodule;
				VALIDATE_PRODUCT = YES;
			};
			name = Release;
		};
		3F30165C2C05DEAC0013C232 /* Debug */ = {
			isa = XCBuildConfiguration;
			buildSettings = {
				ASSETCATALOG_COMPILER_APPICON_NAME = AppIcon;
				ASSETCATALOG_COMPILER_GLOBAL_ACCENT_COLOR_NAME = AccentColor;
				CODE_SIGN_STYLE = Automatic;
				CURRENT_PROJECT_VERSION = 1;
				DEVELOPMENT_ASSET_PATHS = "\"Weather/Preview Content\"";
				DEVELOPMENT_TEAM = P4B2H8345Y;
				ENABLE_PREVIEWS = YES;
				GENERATE_INFOPLIST_FILE = YES;
				INFOPLIST_KEY_NSLocationWhenInUseUsageDescription = "Use current location for showing weather info";
				INFOPLIST_KEY_UIApplicationSceneManifest_Generation = YES;
				INFOPLIST_KEY_UIApplicationSupportsIndirectInputEvents = YES;
				INFOPLIST_KEY_UILaunchScreen_Generation = YES;
				INFOPLIST_KEY_UISupportedInterfaceOrientations_iPad = "UIInterfaceOrientationPortrait UIInterfaceOrientationPortraitUpsideDown UIInterfaceOrientationLandscapeLeft UIInterfaceOrientationLandscapeRight";
				INFOPLIST_KEY_UISupportedInterfaceOrientations_iPhone = "UIInterfaceOrientationPortrait UIInterfaceOrientationLandscapeLeft UIInterfaceOrientationLandscapeRight";
				LD_RUNPATH_SEARCH_PATHS = (
					"$(inherited)",
					"@executable_path/Frameworks",
				);
				MARKETING_VERSION = 1.0;
				PRODUCT_BUNDLE_IDENTIFIER = utogaria.Weather;
				PRODUCT_NAME = "$(TARGET_NAME)";
				SWIFT_EMIT_LOC_STRINGS = YES;
				SWIFT_STRICT_CONCURRENCY = targeted;
				SWIFT_VERSION = 5.0;
				TARGETED_DEVICE_FAMILY = "1,2";
			};
			name = Debug;
		};
		3F30165D2C05DEAC0013C232 /* Release */ = {
			isa = XCBuildConfiguration;
			buildSettings = {
				ASSETCATALOG_COMPILER_APPICON_NAME = AppIcon;
				ASSETCATALOG_COMPILER_GLOBAL_ACCENT_COLOR_NAME = AccentColor;
				CODE_SIGN_STYLE = Automatic;
				CURRENT_PROJECT_VERSION = 1;
				DEVELOPMENT_ASSET_PATHS = "\"Weather/Preview Content\"";
				DEVELOPMENT_TEAM = P4B2H8345Y;
				ENABLE_PREVIEWS = YES;
				GENERATE_INFOPLIST_FILE = YES;
				INFOPLIST_KEY_NSLocationWhenInUseUsageDescription = "Use current location for showing weather info";
				INFOPLIST_KEY_UIApplicationSceneManifest_Generation = YES;
				INFOPLIST_KEY_UIApplicationSupportsIndirectInputEvents = YES;
				INFOPLIST_KEY_UILaunchScreen_Generation = YES;
				INFOPLIST_KEY_UISupportedInterfaceOrientations_iPad = "UIInterfaceOrientationPortrait UIInterfaceOrientationPortraitUpsideDown UIInterfaceOrientationLandscapeLeft UIInterfaceOrientationLandscapeRight";
				INFOPLIST_KEY_UISupportedInterfaceOrientations_iPhone = "UIInterfaceOrientationPortrait UIInterfaceOrientationLandscapeLeft UIInterfaceOrientationLandscapeRight";
				LD_RUNPATH_SEARCH_PATHS = (
					"$(inherited)",
					"@executable_path/Frameworks",
				);
				MARKETING_VERSION = 1.0;
				PRODUCT_BUNDLE_IDENTIFIER = utogaria.Weather;
				PRODUCT_NAME = "$(TARGET_NAME)";
				SWIFT_EMIT_LOC_STRINGS = YES;
				SWIFT_STRICT_CONCURRENCY = targeted;
				SWIFT_VERSION = 5.0;
				TARGETED_DEVICE_FAMILY = "1,2";
			};
			name = Release;
		};
		3F30165F2C05DEAC0013C232 /* Debug */ = {
			isa = XCBuildConfiguration;
			buildSettings = {
				ALWAYS_EMBED_SWIFT_STANDARD_LIBRARIES = YES;
				BUNDLE_LOADER = "$(TEST_HOST)";
				CODE_SIGN_STYLE = Automatic;
				CURRENT_PROJECT_VERSION = 1;
				DEVELOPMENT_TEAM = P4B2H8345Y;
				GENERATE_INFOPLIST_FILE = YES;
				IPHONEOS_DEPLOYMENT_TARGET = 17.0;
				MARKETING_VERSION = 1.0;
				PRODUCT_BUNDLE_IDENTIFIER = utogaria.WeatherTests;
				PRODUCT_NAME = "$(TARGET_NAME)";
				SWIFT_EMIT_LOC_STRINGS = NO;
				SWIFT_VERSION = 5.0;
				TARGETED_DEVICE_FAMILY = "1,2";
				TEST_HOST = "$(BUILT_PRODUCTS_DIR)/Weather.app/$(BUNDLE_EXECUTABLE_FOLDER_PATH)/Weather";
			};
			name = Debug;
		};
		3F3016602C05DEAC0013C232 /* Release */ = {
			isa = XCBuildConfiguration;
			buildSettings = {
				ALWAYS_EMBED_SWIFT_STANDARD_LIBRARIES = YES;
				BUNDLE_LOADER = "$(TEST_HOST)";
				CODE_SIGN_STYLE = Automatic;
				CURRENT_PROJECT_VERSION = 1;
				DEVELOPMENT_TEAM = P4B2H8345Y;
				GENERATE_INFOPLIST_FILE = YES;
				IPHONEOS_DEPLOYMENT_TARGET = 17.0;
				MARKETING_VERSION = 1.0;
				PRODUCT_BUNDLE_IDENTIFIER = utogaria.WeatherTests;
				PRODUCT_NAME = "$(TARGET_NAME)";
				SWIFT_EMIT_LOC_STRINGS = NO;
				SWIFT_VERSION = 5.0;
				TARGETED_DEVICE_FAMILY = "1,2";
				TEST_HOST = "$(BUILT_PRODUCTS_DIR)/Weather.app/$(BUNDLE_EXECUTABLE_FOLDER_PATH)/Weather";
			};
			name = Release;
		};
		3F3016622C05DEAC0013C232 /* Debug */ = {
			isa = XCBuildConfiguration;
			buildSettings = {
				ALWAYS_EMBED_SWIFT_STANDARD_LIBRARIES = YES;
				CODE_SIGN_STYLE = Automatic;
				CURRENT_PROJECT_VERSION = 1;
				DEVELOPMENT_TEAM = P4B2H8345Y;
				GENERATE_INFOPLIST_FILE = YES;
				MARKETING_VERSION = 1.0;
				PRODUCT_BUNDLE_IDENTIFIER = utogaria.WeatherUITests;
				PRODUCT_NAME = "$(TARGET_NAME)";
				SWIFT_EMIT_LOC_STRINGS = NO;
				SWIFT_VERSION = 5.0;
				TARGETED_DEVICE_FAMILY = "1,2";
				TEST_TARGET_NAME = Weather;
			};
			name = Debug;
		};
		3F3016632C05DEAC0013C232 /* Release */ = {
			isa = XCBuildConfiguration;
			buildSettings = {
				ALWAYS_EMBED_SWIFT_STANDARD_LIBRARIES = YES;
				CODE_SIGN_STYLE = Automatic;
				CURRENT_PROJECT_VERSION = 1;
				DEVELOPMENT_TEAM = P4B2H8345Y;
				GENERATE_INFOPLIST_FILE = YES;
				MARKETING_VERSION = 1.0;
				PRODUCT_BUNDLE_IDENTIFIER = utogaria.WeatherUITests;
				PRODUCT_NAME = "$(TARGET_NAME)";
				SWIFT_EMIT_LOC_STRINGS = NO;
				SWIFT_VERSION = 5.0;
				TARGETED_DEVICE_FAMILY = "1,2";
				TEST_TARGET_NAME = Weather;
			};
			name = Release;
		};
/* End XCBuildConfiguration section */

/* Begin XCConfigurationList section */
		3F3016322C05DEAB0013C232 /* Build configuration list for PBXProject "Weather" */ = {
			isa = XCConfigurationList;
			buildConfigurations = (
				3F3016592C05DEAC0013C232 /* Debug */,
				3F30165A2C05DEAC0013C232 /* Release */,
			);
			defaultConfigurationIsVisible = 0;
			defaultConfigurationName = Release;
		};
		3F30165B2C05DEAC0013C232 /* Build configuration list for PBXNativeTarget "Weather" */ = {
			isa = XCConfigurationList;
			buildConfigurations = (
				3F30165C2C05DEAC0013C232 /* Debug */,
				3F30165D2C05DEAC0013C232 /* Release */,
			);
			defaultConfigurationIsVisible = 0;
			defaultConfigurationName = Release;
		};
		3F30165E2C05DEAC0013C232 /* Build configuration list for PBXNativeTarget "WeatherTests" */ = {
			isa = XCConfigurationList;
			buildConfigurations = (
				3F30165F2C05DEAC0013C232 /* Debug */,
				3F3016602C05DEAC0013C232 /* Release */,
			);
			defaultConfigurationIsVisible = 0;
			defaultConfigurationName = Release;
		};
		3F3016612C05DEAC0013C232 /* Build configuration list for PBXNativeTarget "WeatherUITests" */ = {
			isa = XCConfigurationList;
			buildConfigurations = (
				3F3016622C05DEAC0013C232 /* Debug */,
				3F3016632C05DEAC0013C232 /* Release */,
			);
			defaultConfigurationIsVisible = 0;
			defaultConfigurationName = Release;
		};
/* End XCConfigurationList section */

/* Begin XCRemoteSwiftPackageReference section */
		3F9B00182C062689003B8FD4 /* XCRemoteSwiftPackageReference "AsyncLocationKit" */ = {
			isa = XCRemoteSwiftPackageReference;
			repositoryURL = "https://github.com/AsyncSwift/AsyncLocationKit";
			requirement = {
				kind = upToNextMajorVersion;
				minimumVersion = 1.6.4;
			};
		};
/* End XCRemoteSwiftPackageReference section */

/* Begin XCSwiftPackageProductDependency section */
		3F9B00192C062689003B8FD4 /* AsyncLocationKit */ = {
			isa = XCSwiftPackageProductDependency;
			package = 3F9B00182C062689003B8FD4 /* XCRemoteSwiftPackageReference "AsyncLocationKit" */;
			productName = AsyncLocationKit;
		};
/* End XCSwiftPackageProductDependency section */
	};
	rootObject = 3F30162F2C05DEAB0013C232 /* Project object */;
}
